
Microsoft Visual Studio Solution File, Format Version 12.00
# Visual Studio Version 17
VisualStudioVersion = 17.0.31903.59
MinimumVisualStudioVersion = 10.0.40219.1
Project("{FAE04EC0-301F-11D3-BF4B-00C04F79EFBC}") = "API", "API\API.csproj", "{ADD0CBEB-0661-44FC-AFC1-3E0715DFEF48}"
EndProject
Project("{FAE04EC0-301F-11D3-BF4B-00C04F79EFBC}") = "Core", "Core\Core.csproj", "{0E5B86E1-C4AF-4444-BDDD-7B17E09439BD}"
EndProject
Project("{FAE04EC0-301F-11D3-BF4B-00C04F79EFBC}") = "Infrastructure", "Infrastructure\Infrastructure.csproj", "{61609D2F-593A-4849-8C51-025B7F63DB76}"
EndProject
Global
	GlobalSection(SolutionConfigurationPlatforms) = preSolution
		Debug|Any CPU = Debug|Any CPU
		Release|Any CPU = Release|Any CPU
	EndGlobalSection
	GlobalSection(SolutionProperties) = preSolution
		HideSolutionNode = FALSE
	EndGlobalSection
	GlobalSection(ProjectConfigurationPlatforms) = postSolution
		{ADD0CBEB-0661-44FC-AFC1-3E0715DFEF48}.Debug|Any CPU.ActiveCfg = Debug|Any CPU
		{ADD0CBEB-0661-44FC-AFC1-3E0715DFEF48}.Debug|Any CPU.Build.0 = Debug|Any CPU
		{ADD0CBEB-0661-44FC-AFC1-3E0715DFEF48}.Release|Any CPU.ActiveCfg = Release|Any CPU
		{ADD0CBEB-0661-44FC-AFC1-3E0715DFEF48}.Release|Any CPU.Build.0 = Release|Any CPU
		{0E5B86E1-C4AF-4444-BDDD-7B17E09439BD}.Debug|Any CPU.ActiveCfg = Debug|Any CPU
		{0E5B86E1-C4AF-4444-BDDD-7B17E09439BD}.Debug|Any CPU.Build.0 = Debug|Any CPU
		{0E5B86E1-C4AF-4444-BDDD-7B17E09439BD}.Release|Any CPU.ActiveCfg = Release|Any CPU
		{0E5B86E1-C4AF-4444-BDDD-7B17E09439BD}.Release|Any CPU.Build.0 = Release|Any CPU
		{61609D2F-593A-4849-8C51-025B7F63DB76}.Debug|Any CPU.ActiveCfg = Debug|Any CPU
		{61609D2F-593A-4849-8C51-025B7F63DB76}.Debug|Any CPU.Build.0 = Debug|Any CPU
		{61609D2F-593A-4849-8C51-025B7F63DB76}.Release|Any CPU.ActiveCfg = Release|Any CPU
		{61609D2F-593A-4849-8C51-025B7F63DB76}.Release|Any CPU.Build.0 = Release|Any CPU
	EndGlobalSection
EndGlobal
